
Microsoft Visual Studio Solution File, Format Version 12.00
# Visual Studio Version 16
VisualStudioVersion = 16.0.28803.202
MinimumVisualStudioVersion = 10.0.40219.1
Project("{FAE04EC0-301F-11D3-BF4B-00C04F79EFBC}") = "VKSpy", "VKSpy\VKSpy.csproj", "{39262DA2-E8BE-44AC-9963-266F80053E21}"
EndProject
Global
	GlobalSection(SolutionConfigurationPlatforms) = preSolution
		Debug|Any CPU = Debug|Any CPU
		Release|Any CPU = Release|Any CPU
	EndGlobalSection
	GlobalSection(ProjectConfigurationPlatforms) = postSolution
		{39262DA2-E8BE-44AC-9963-266F80053E21}.Debug|Any CPU.ActiveCfg = Debug|Any CPU
		{39262DA2-E8BE-44AC-9963-266F80053E21}.Debug|Any CPU.Build.0 = Debug|Any CPU
		{39262DA2-E8BE-44AC-9963-266F80053E21}.Release|Any CPU.ActiveCfg = Release|Any CPU
		{39262DA2-E8BE-44AC-9963-266F80053E21}.Release|Any CPU.Build.0 = Release|Any CPU
	EndGlobalSection
	GlobalSection(SolutionProperties) = preSolution
		HideSolutionNode = FALSE
	EndGlobalSection
	GlobalSection(ExtensibilityGlobals) = postSolution
		SolutionGuid = {E4B6DBEF-D37B-4609-A0D8-7F94C9AA4F33}
	EndGlobalSection
EndGlobal
